
Microsoft Visual Studio Solution File, Format Version 12.00
# Visual Studio Version 17
VisualStudioVersion = 17.4.33110.190
MinimumVisualStudioVersion = 10.0.40219.1
Project("{FAE04EC0-301F-11D3-BF4B-00C04F79EFBC}") = "EF6_CodeFirst_DrivingSchool", "EF6_CodeFirst_DrivingSchool\EF6_CodeFirst_DrivingSchool.csproj", "{AB7294B6-1143-4167-9F73-9E83AAA8D604}"
EndProject
Global
	GlobalSection(SolutionConfigurationPlatforms) = preSolution
		Debug|Any CPU = Debug|Any CPU
		Release|Any CPU = Release|Any CPU
	EndGlobalSection
	GlobalSection(ProjectConfigurationPlatforms) = postSolution
		{AB7294B6-1143-4167-9F73-9E83AAA8D604}.Debug|Any CPU.ActiveCfg = Debug|Any CPU
		{AB7294B6-1143-4167-9F73-9E83AAA8D604}.Debug|Any CPU.Build.0 = Debug|Any CPU
		{AB7294B6-1143-4167-9F73-9E83AAA8D604}.Release|Any CPU.ActiveCfg = Release|Any CPU
		{AB7294B6-1143-4167-9F73-9E83AAA8D604}.Release|Any CPU.Build.0 = Release|Any CPU
	EndGlobalSection
	GlobalSection(SolutionProperties) = preSolution
		HideSolutionNode = FALSE
	EndGlobalSection
	GlobalSection(ExtensibilityGlobals) = postSolution
		SolutionGuid = {ED20859C-A90B-4AB3-B42C-73DA9887B1C5}
	EndGlobalSection
EndGlobal
